
Microsoft Visual Studio Solution File, Format Version 12.00
# Visual Studio Version 17
VisualStudioVersion = 17.7.34202.233
MinimumVisualStudioVersion = 10.0.40219.1
Project("{FAE04EC0-301F-11D3-BF4B-00C04F79EFBC}") = "Day1", "Day1\Day1.csproj", "{8D760F6B-5E9B-4B32-BD7A-A72F080C3E7E}"
EndProject
Project("{FAE04EC0-301F-11D3-BF4B-00C04F79EFBC}") = "Day2", "Day2\Day2.csproj", "{98DA8273-2542-4041-BF46-1DCE7F755CD7}"
EndProject
Global
	GlobalSection(SolutionConfigurationPlatforms) = preSolution
		Debug|Any CPU = Debug|Any CPU
		Release|Any CPU = Release|Any CPU
	EndGlobalSection
	GlobalSection(ProjectConfigurationPlatforms) = postSolution
		{8D760F6B-5E9B-4B32-BD7A-A72F080C3E7E}.Debug|Any CPU.ActiveCfg = Debug|Any CPU
		{8D760F6B-5E9B-4B32-BD7A-A72F080C3E7E}.Debug|Any CPU.Build.0 = Debug|Any CPU
		{8D760F6B-5E9B-4B32-BD7A-A72F080C3E7E}.Release|Any CPU.ActiveCfg = Release|Any CPU
		{8D760F6B-5E9B-4B32-BD7A-A72F080C3E7E}.Release|Any CPU.Build.0 = Release|Any CPU
		{98DA8273-2542-4041-BF46-1DCE7F755CD7}.Debug|Any CPU.ActiveCfg = Debug|Any CPU
		{98DA8273-2542-4041-BF46-1DCE7F755CD7}.Debug|Any CPU.Build.0 = Debug|Any CPU
		{98DA8273-2542-4041-BF46-1DCE7F755CD7}.Release|Any CPU.ActiveCfg = Release|Any CPU
		{98DA8273-2542-4041-BF46-1DCE7F755CD7}.Release|Any CPU.Build.0 = Release|Any CPU
	EndGlobalSection
	GlobalSection(SolutionProperties) = preSolution
		HideSolutionNode = FALSE
	EndGlobalSection
	GlobalSection(ExtensibilityGlobals) = postSolution
		SolutionGuid = {08C6F775-31E2-45D7-A118-B231F3156AC4}
	EndGlobalSection
EndGlobal
